// !$*UTF8*$!
{
	archiveVersion = 1;
	classes = {
	};
	objectVersion = 77;
	objects = {

/* Begin PBXBuildFile section */
		F871E1A12D8D87B800BBB76C /* RealityKitContent in Frameworks */ = {isa = PBXBuildFile; productRef = F871E1A02D8D87B800BBB76C /* RealityKitContent */; };
/* End PBXBuildFile section */

/* Begin PBXContainerItemProxy section */
		F871E1B72D8D87BA00BBB76C /* PBXContainerItemProxy */ = {
			isa = PBXContainerItemProxy;
			containerPortal = F871E1932D8D87B800BBB76C /* Project object */;
			proxyType = 1;
			remoteGlobalIDString = F871E19A2D8D87B800BBB76C;
			remoteInfo = "OA Project";
		};
/* End PBXContainerItemProxy section */

/* Begin PBXFileReference section */
		F871E19B2D8D87B800BBB76C /* OA Project.app */ = {isa = PBXFileReference; explicitFileType = wrapper.application; includeInIndex = 0; path = "OA Project.app"; sourceTree = BUILT_PRODUCTS_DIR; };
		F871E19F2D8D87B800BBB76C /* RealityKitContent */ = {isa = PBXFileReference; lastKnownFileType = wrapper; path = RealityKitContent; sourceTree = "<group>"; };
		F871E1B62D8D87BA00BBB76C /* OA ProjectTests.xctest */ = {isa = PBXFileReference; explicitFileType = wrapper.cfbundle; includeInIndex = 0; path = "OA ProjectTests.xctest"; sourceTree = BUILT_PRODUCTS_DIR; };
/* End PBXFileReference section */

/* Begin PBXFileSystemSynchronizedBuildFileExceptionSet section */
		F871E1BC2D8D87BA00BBB76C /* Exceptions for "OA Project" folder in "OA Project" target */ = {
			isa = PBXFileSystemSynchronizedBuildFileExceptionSet;
			membershipExceptions = (
				Info.plist,
			);
			target = F871E19A2D8D87B800BBB76C /* OA Project */;
		};
/* End PBXFileSystemSynchronizedBuildFileExceptionSet section */

/* Begin PBXFileSystemSynchronizedRootGroup section */
		F83005732DF4DE2100368D67 /* Core */ = {
			isa = PBXFileSystemSynchronizedRootGroup;
			path = Core;
			sourceTree = "<group>";
		};
		F83005742DF4DE2700368D67 /* UI */ = {
			isa = PBXFileSystemSynchronizedRootGroup;
			path = UI;
			sourceTree = "<group>";
		};
		F83005752DF4DE2C00368D67 /* Service */ = {
			isa = PBXFileSystemSynchronizedRootGroup;
			path = Service;
			sourceTree = "<group>";
		};
		F83005772DF4DE4600368D67 /* Utility */ = {
			isa = PBXFileSystemSynchronizedRootGroup;
			path = Utility;
			sourceTree = "<group>";
		};
		F871E19D2D8D87B800BBB76C /* OA Project */ = {
			isa = PBXFileSystemSynchronizedRootGroup;
			exceptions = (
				F871E1BC2D8D87BA00BBB76C /* Exceptions for "OA Project" folder in "OA Project" target */,
			);
			path = "OA Project";
			sourceTree = "<group>";
		};
		F871E1B92D8D87BA00BBB76C /* OA ProjectTests */ = {
			isa = PBXFileSystemSynchronizedRootGroup;
			path = "OA ProjectTests";
			sourceTree = "<group>";
		};
/* End PBXFileSystemSynchronizedRootGroup section */

/* Begin PBXFrameworksBuildPhase section */
		F871E1982D8D87B800BBB76C /* Frameworks */ = {
			isa = PBXFrameworksBuildPhase;
			buildActionMask = 2147483647;
			files = (
				F871E1A12D8D87B800BBB76C /* RealityKitContent in Frameworks */,
			);
			runOnlyForDeploymentPostprocessing = 0;
		};
		F871E1B32D8D87BA00BBB76C /* Frameworks */ = {
			isa = PBXFrameworksBuildPhase;
			buildActionMask = 2147483647;
			files = (
			);
			runOnlyForDeploymentPostprocessing = 0;
		};
/* End PBXFrameworksBuildPhase section */

/* Begin PBXGroup section */
		F871E1922D8D87B800BBB76C = {
			isa = PBXGroup;
			children = (
				F83005772DF4DE4600368D67 /* Utility */,
				F83005752DF4DE2C00368D67 /* Service */,
				F83005742DF4DE2700368D67 /* UI */,
				F83005732DF4DE2100368D67 /* Core */,
				F871E19D2D8D87B800BBB76C /* OA Project */,
				F871E19E2D8D87B800BBB76C /* Packages */,
				F871E1B92D8D87BA00BBB76C /* OA ProjectTests */,
				F871E19C2D8D87B800BBB76C /* Products */,
			);
			sourceTree = "<group>";
		};
		F871E19C2D8D87B800BBB76C /* Products */ = {
			isa = PBXGroup;
			children = (
				F871E19B2D8D87B800BBB76C /* OA Project.app */,
				F871E1B62D8D87BA00BBB76C /* OA ProjectTests.xctest */,
			);
			name = Products;
			sourceTree = "<group>";
		};
		F871E19E2D8D87B800BBB76C /* Packages */ = {
			isa = PBXGroup;
			children = (
				F871E19F2D8D87B800BBB76C /* RealityKitContent */,
			);
			path = Packages;
			sourceTree = "<group>";
		};
/* End PBXGroup section */

/* Begin PBXNativeTarget section */
		F871E19A2D8D87B800BBB76C /* OA Project */ = {
			isa = PBXNativeTarget;
			buildConfigurationList = F871E1BD2D8D87BA00BBB76C /* Build configuration list for PBXNativeTarget "OA Project" */;
			buildPhases = (
				F871E1972D8D87B800BBB76C /* Sources */,
				F871E1982D8D87B800BBB76C /* Frameworks */,
				F871E1992D8D87B800BBB76C /* Resources */,
			);
			buildRules = (
			);
			dependencies = (
			);
			fileSystemSynchronizedGroups = (
				F83005732DF4DE2100368D67 /* Core */,
				F83005742DF4DE2700368D67 /* UI */,
				F83005752DF4DE2C00368D67 /* Service */,
				F83005772DF4DE4600368D67 /* Utility */,
				F871E19D2D8D87B800BBB76C /* OA Project */,
			);
			name = "OA Project";
			packageProductDependencies = (
				F871E1A02D8D87B800BBB76C /* RealityKitContent */,
			);
			productName = "OA Project";
			productReference = F871E19B2D8D87B800BBB76C /* OA Project.app */;
			productType = "com.apple.product-type.application";
		};
		F871E1B52D8D87BA00BBB76C /* OA ProjectTests */ = {
			isa = PBXNativeTarget;
			buildConfigurationList = F871E1C22D8D87BA00BBB76C /* Build configuration list for PBXNativeTarget "OA ProjectTests" */;
			buildPhases = (
				F871E1B22D8D87BA00BBB76C /* Sources */,
				F871E1B32D8D87BA00BBB76C /* Frameworks */,
				F871E1B42D8D87BA00BBB76C /* Resources */,
			);
			buildRules = (
			);
			dependencies = (
				F871E1B82D8D87BA00BBB76C /* PBXTargetDependency */,
			);
			fileSystemSynchronizedGroups = (
				F871E1B92D8D87BA00BBB76C /* OA ProjectTests */,
			);
			name = "OA ProjectTests";
			packageProductDependencies = (
			);
			productName = "OA ProjectTests";
			productReference = F871E1B62D8D87BA00BBB76C /* OA ProjectTests.xctest */;
			productType = "com.apple.product-type.bundle.unit-test";
		};
/* End PBXNativeTarget section */

/* Begin PBXProject section */
		F871E1932D8D87B800BBB76C /* Project object */ = {
			isa = PBXProject;
			attributes = {
				BuildIndependentTargetsInParallel = 1;
				LastSwiftUpdateCheck = 1620;
				LastUpgradeCheck = 1620;
				TargetAttributes = {
					F871E19A2D8D87B800BBB76C = {
						CreatedOnToolsVersion = 16.2;
					};
					F871E1B52D8D87BA00BBB76C = {
						CreatedOnToolsVersion = 16.2;
						TestTargetID = F871E19A2D8D87B800BBB76C;
					};
				};
			};
			buildConfigurationList = F871E1962D8D87B800BBB76C /* Build configuration list for PBXProject "OA Project" */;
			developmentRegion = en;
			hasScannedForEncodings = 0;
			knownRegions = (
				en,
				Base,
			);
			mainGroup = F871E1922D8D87B800BBB76C;
			minimizedProjectReferenceProxies = 1;
			preferredProjectObjectVersion = 77;
			productRefGroup = F871E19C2D8D87B800BBB76C /* Products */;
			projectDirPath = "";
			projectRoot = "";
			targets = (
				F871E19A2D8D87B800BBB76C /* OA Project */,
				F871E1B52D8D87BA00BBB76C /* OA ProjectTests */,
			);
		};
/* End PBXProject section */

/* Begin PBXResourcesBuildPhase section */
		F871E1992D8D87B800BBB76C /* Resources */ = {
			isa = PBXResourcesBuildPhase;
			buildActionMask = 2147483647;
			files = (
			);
			runOnlyForDeploymentPostprocessing = 0;
		};
		F871E1B42D8D87BA00BBB76C /* Resources */ = {
			isa = PBXResourcesBuildPhase;
			buildActionMask = 2147483647;
			files = (
			);
			runOnlyForDeploymentPostprocessing = 0;
		};
/* End PBXResourcesBuildPhase section */

/* Begin PBXSourcesBuildPhase section */
		F871E1972D8D87B800BBB76C /* Sources */ = {
			isa = PBXSourcesBuildPhase;
			buildActionMask = 2147483647;
			files = (
			);
			runOnlyForDeploymentPostprocessing = 0;
		};
		F871E1B22D8D87BA00BBB76C /* Sources */ = {
			isa = PBXSourcesBuildPhase;
			buildActionMask = 2147483647;
			files = (
			);
			runOnlyForDeploymentPostprocessing = 0;
		};
/* End PBXSourcesBuildPhase section */

/* Begin PBXTargetDependency section */
		F871E1B82D8D87BA00BBB76C /* PBXTargetDependency */ = {
			isa = PBXTargetDependency;
			target = F871E19A2D8D87B800BBB76C /* OA Project */;
			targetProxy = F871E1B72D8D87BA00BBB76C /* PBXContainerItemProxy */;
		};
/* End PBXTargetDependency section */

/* Begin XCBuildConfiguration section */
		F871E1BE2D8D87BA00BBB76C /* Debug */ = {
			isa = XCBuildConfiguration;
			buildSettings = {
				ASSETCATALOG_COMPILER_APPICON_NAME = AppIcon;
				ASSETCATALOG_COMPILER_GLOBAL_ACCENT_COLOR_NAME = AccentColor;
				CODE_SIGN_ENTITLEMENTS = "OA Project/OA_Project.entitlements";
				CODE_SIGN_STYLE = Automatic;
				CURRENT_PROJECT_VERSION = 1;
				DEVELOPMENT_ASSET_PATHS = "\"OA Project/Preview Content\"";
				DEVELOPMENT_TEAM = 7KHS7UG824;
				ENABLE_PREVIEWS = YES;
				GENERATE_INFOPLIST_FILE = YES;
				INFOPLIST_FILE = "$(TARGET_NAME)/Info.plist";
				LD_RUNPATH_SEARCH_PATHS = (
					"$(inherited)",
					"@executable_path/Frameworks",
				);
				MARKETING_VERSION = 1.0;
				PRODUCT_BUNDLE_IDENTIFIER = "unibo.OA-Project";
				PRODUCT_NAME = "$(TARGET_NAME)";
				SUPPORTED_PLATFORMS = "xros xrsimulator";
				SWIFT_EMIT_LOC_STRINGS = YES;
				SWIFT_VERSION = 5.0;
				TARGETED_DEVICE_FAMILY = 7;
			};
			name = Debug;
		};
		F871E1BF2D8D87BA00BBB76C /* Release */ = {
			isa = XCBuildConfiguration;
			buildSettings = {
				ASSETCATALOG_COMPILER_APPICON_NAME = AppIcon;
				ASSETCATALOG_COMPILER_GLOBAL_ACCENT_COLOR_NAME = AccentColor;
				CODE_SIGN_ENTITLEMENTS = "OA Project/OA_Project.entitlements";
				CODE_SIGN_STYLE = Automatic;
				CURRENT_PROJECT_VERSION = 1;
				DEVELOPMENT_ASSET_PATHS = "\"OA Project/Preview Content\"";
				DEVELOPMENT_TEAM = 7KHS7UG824;
				ENABLE_PREVIEWS = YES;
				GENERATE_INFOPLIST_FILE = YES;
				INFOPLIST_FILE = "$(TARGET_NAME)/Info.plist";
				LD_RUNPATH_SEARCH_PATHS = (
					"$(inherited)",
					"@executable_path/Frameworks",
				);
				MARKETING_VERSION = 1.0;
				PRODUCT_BUNDLE_IDENTIFIER = "unibo.OA-Project";
				PRODUCT_NAME = "$(TARGET_NAME)";
				SUPPORTED_PLATFORMS = "xros xrsimulator";
				SWIFT_EMIT_LOC_STRINGS = YES;
				SWIFT_VERSION = 5.0;
				TARGETED_DEVICE_FAMILY = 7;
			};
			name = Release;
		};
		F871E1C02D8D87BA00BBB76C /* Debug */ = {
			isa = XCBuildConfiguration;
			buildSettings = {
				ALWAYS_SEARCH_USER_PATHS = NO;
				ASSETCATALOG_COMPILER_GENERATE_SWIFT_ASSET_SYMBOL_EXTENSIONS = YES;
				CLANG_ANALYZER_NONNULL = YES;
				CLANG_ANALYZER_NUMBER_OBJECT_CONVERSION = YES_AGGRESSIVE;
				CLANG_CXX_LANGUAGE_STANDARD = "gnu++20";
				CLANG_ENABLE_MODULES = YES;
				CLANG_ENABLE_OBJC_ARC = YES;
				CLANG_ENABLE_OBJC_WEAK = YES;
				CLANG_WARN_BLOCK_CAPTURE_AUTORELEASING = YES;
				CLANG_WARN_BOOL_CONVERSION = YES;
				CLANG_WARN_COMMA = YES;
				CLANG_WARN_CONSTANT_CONVERSION = YES;
				CLANG_WARN_DEPRECATED_OBJC_IMPLEMENTATIONS = YES;
				CLANG_WARN_DIRECT_OBJC_ISA_USAGE = YES_ERROR;
				CLANG_WARN_DOCUMENTATION_COMMENTS = YES;
				CLANG_WARN_EMPTY_BODY = YES;
				CLANG_WARN_ENUM_CONVERSION = YES;
				CLANG_WARN_INFINITE_RECURSION = YES;
				CLANG_WARN_INT_CONVERSION = YES;
				CLANG_WARN_NON_LITERAL_NULL_CONVERSION = YES;
				CLANG_WARN_OBJC_IMPLICIT_RETAIN_SELF = YES;
				CLANG_WARN_OBJC_LITERAL_CONVERSION = YES;
				CLANG_WARN_OBJC_ROOT_CLASS = YES_ERROR;
				CLANG_WARN_QUOTED_INCLUDE_IN_FRAMEWORK_HEADER = YES;
				CLANG_WARN_RANGE_LOOP_ANALYSIS = YES;
				CLANG_WARN_STRICT_PROTOTYPES = YES;
				CLANG_WARN_SUSPICIOUS_MOVE = YES;
				CLANG_WARN_UNGUARDED_AVAILABILITY = YES_AGGRESSIVE;
				CLANG_WARN_UNREACHABLE_CODE = YES;
				CLANG_WARN__DUPLICATE_METHOD_MATCH = YES;
				COPY_PHASE_STRIP = NO;
				DEBUG_INFORMATION_FORMAT = dwarf;
				ENABLE_STRICT_OBJC_MSGSEND = YES;
				ENABLE_TESTABILITY = YES;
				ENABLE_USER_SCRIPT_SANDBOXING = YES;
				GCC_C_LANGUAGE_STANDARD = gnu17;
				GCC_DYNAMIC_NO_PIC = NO;
				GCC_NO_COMMON_BLOCKS = YES;
				GCC_OPTIMIZATION_LEVEL = 0;
				GCC_PREPROCESSOR_DEFINITIONS = (
					"DEBUG=1",
					"$(inherited)",
				);
				GCC_WARN_64_TO_32_BIT_CONVERSION = YES;
				GCC_WARN_ABOUT_RETURN_TYPE = YES_ERROR;
				GCC_WARN_UNDECLARED_SELECTOR = YES;
				GCC_WARN_UNINITIALIZED_AUTOS = YES_AGGRESSIVE;
				GCC_WARN_UNUSED_FUNCTION = YES;
				GCC_WARN_UNUSED_VARIABLE = YES;
				LOCALIZATION_PREFERS_STRING_CATALOGS = YES;
				MTL_ENABLE_DEBUG_INFO = INCLUDE_SOURCE;
				MTL_FAST_MATH = YES;
				ONLY_ACTIVE_ARCH = YES;
				SDKROOT = xros;
				SWIFT_ACTIVE_COMPILATION_CONDITIONS = "DEBUG $(inherited)";
				SWIFT_OPTIMIZATION_LEVEL = "-Onone";
				XROS_DEPLOYMENT_TARGET = 2.2;
			};
			name = Debug;
		};
		F871E1C12D8D87BA00BBB76C /* Release */ = {
			isa = XCBuildConfiguration;
			buildSettings = {
				ALWAYS_SEARCH_USER_PATHS = NO;
				ASSETCATALOG_COMPILER_GENERATE_SWIFT_ASSET_SYMBOL_EXTENSIONS = YES;
				CLANG_ANALYZER_NONNULL = YES;
				CLANG_ANALYZER_NUMBER_OBJECT_CONVERSION = YES_AGGRESSIVE;
				CLANG_CXX_LANGUAGE_STANDARD = "gnu++20";
				CLANG_ENABLE_MODULES = YES;
				CLANG_ENABLE_OBJC_ARC = YES;
				CLANG_ENABLE_OBJC_WEAK = YES;
				CLANG_WARN_BLOCK_CAPTURE_AUTORELEASING = YES;
				CLANG_WARN_BOOL_CONVERSION = YES;
				CLANG_WARN_COMMA = YES;
				CLANG_WARN_CONSTANT_CONVERSION = YES;
				CLANG_WARN_DEPRECATED_OBJC_IMPLEMENTATIONS = YES;
				CLANG_WARN_DIRECT_OBJC_ISA_USAGE = YES_ERROR;
				CLANG_WARN_DOCUMENTATION_COMMENTS = YES;
				CLANG_WARN_EMPTY_BODY = YES;
				CLANG_WARN_ENUM_CONVERSION = YES;
				CLANG_WARN_INFINITE_RECURSION = YES;
				CLANG_WARN_INT_CONVERSION = YES;
				CLANG_WARN_NON_LITERAL_NULL_CONVERSION = YES;
				CLANG_WARN_OBJC_IMPLICIT_RETAIN_SELF = YES;
				CLANG_WARN_OBJC_LITERAL_CONVERSION = YES;
				CLANG_WARN_OBJC_ROOT_CLASS = YES_ERROR;
				CLANG_WARN_QUOTED_INCLUDE_IN_FRAMEWORK_HEADER = YES;
				CLANG_WARN_RANGE_LOOP_ANALYSIS = YES;
				CLANG_WARN_STRICT_PROTOTYPES = YES;
				CLANG_WARN_SUSPICIOUS_MOVE = YES;
				CLANG_WARN_UNGUARDED_AVAILABILITY = YES_AGGRESSIVE;
				CLANG_WARN_UNREACHABLE_CODE = YES;
				CLANG_WARN__DUPLICATE_METHOD_MATCH = YES;
				COPY_PHASE_STRIP = NO;
				DEBUG_INFORMATION_FORMAT = "dwarf-with-dsym";
				ENABLE_NS_ASSERTIONS = NO;
				ENABLE_STRICT_OBJC_MSGSEND = YES;
				ENABLE_USER_SCRIPT_SANDBOXING = YES;
				GCC_C_LANGUAGE_STANDARD = gnu17;
				GCC_NO_COMMON_BLOCKS = YES;
				GCC_WARN_64_TO_32_BIT_CONVERSION = YES;
				GCC_WARN_ABOUT_RETURN_TYPE = YES_ERROR;
				GCC_WARN_UNDECLARED_SELECTOR = YES;
				GCC_WARN_UNINITIALIZED_AUTOS = YES_AGGRESSIVE;
				GCC_WARN_UNUSED_FUNCTION = YES;
				GCC_WARN_UNUSED_VARIABLE = YES;
				LOCALIZATION_PREFERS_STRING_CATALOGS = YES;
				MTL_ENABLE_DEBUG_INFO = NO;
				MTL_FAST_MATH = YES;
				SDKROOT = xros;
				SWIFT_COMPILATION_MODE = wholemodule;
				VALIDATE_PRODUCT = YES;
				XROS_DEPLOYMENT_TARGET = 2.2;
			};
			name = Release;
		};
		F871E1C32D8D87BA00BBB76C /* Debug */ = {
			isa = XCBuildConfiguration;
			buildSettings = {
				BUNDLE_LOADER = "$(TEST_HOST)";
				CODE_SIGN_STYLE = Automatic;
				CURRENT_PROJECT_VERSION = 1;
				DEVELOPMENT_TEAM = 7KHS7UG824;
				GENERATE_INFOPLIST_FILE = YES;
				MARKETING_VERSION = 1.0;
				PRODUCT_BUNDLE_IDENTIFIER = "unibo.OA-ProjectTests";
				PRODUCT_NAME = "$(TARGET_NAME)";
				SUPPORTED_PLATFORMS = "xros xrsimulator";
				SWIFT_EMIT_LOC_STRINGS = NO;
				SWIFT_VERSION = 5.0;
				TARGETED_DEVICE_FAMILY = 7;
				TEST_HOST = "$(BUILT_PRODUCTS_DIR)/OA Project.app/$(BUNDLE_EXECUTABLE_FOLDER_PATH)/OA Project";
				XROS_DEPLOYMENT_TARGET = 2.2;
			};
			name = Debug;
		};
		F871E1C42D8D87BA00BBB76C /* Release */ = {
			isa = XCBuildConfiguration;
			buildSettings = {
				BUNDLE_LOADER = "$(TEST_HOST)";
				CODE_SIGN_STYLE = Automatic;
				CURRENT_PROJECT_VERSION = 1;
				DEVELOPMENT_TEAM = 7KHS7UG824;
				GENERATE_INFOPLIST_FILE = YES;
				MARKETING_VERSION = 1.0;
				PRODUCT_BUNDLE_IDENTIFIER = "unibo.OA-ProjectTests";
				PRODUCT_NAME = "$(TARGET_NAME)";
				SUPPORTED_PLATFORMS = "xros xrsimulator";
				SWIFT_EMIT_LOC_STRINGS = NO;
				SWIFT_VERSION = 5.0;
				TARGETED_DEVICE_FAMILY = 7;
				TEST_HOST = "$(BUILT_PRODUCTS_DIR)/OA Project.app/$(BUNDLE_EXECUTABLE_FOLDER_PATH)/OA Project";
				XROS_DEPLOYMENT_TARGET = 2.2;
			};
			name = Release;
		};
/* End XCBuildConfiguration section */

/* Begin XCConfigurationList section */
		F871E1962D8D87B800BBB76C /* Build configuration list for PBXProject "OA Project" */ = {
			isa = XCConfigurationList;
			buildConfigurations = (
				F871E1C02D8D87BA00BBB76C /* Debug */,
				F871E1C12D8D87BA00BBB76C /* Release */,
			);
			defaultConfigurationIsVisible = 0;
			defaultConfigurationName = Release;
		};
		F871E1BD2D8D87BA00BBB76C /* Build configuration list for PBXNativeTarget "OA Project" */ = {
			isa = XCConfigurationList;
			buildConfigurations = (
				F871E1BE2D8D87BA00BBB76C /* Debug */,
				F871E1BF2D8D87BA00BBB76C /* Release */,
			);
			defaultConfigurationIsVisible = 0;
			defaultConfigurationName = Release;
		};
		F871E1C22D8D87BA00BBB76C /* Build configuration list for PBXNativeTarget "OA ProjectTests" */ = {
			isa = XCConfigurationList;
			buildConfigurations = (
				F871E1C32D8D87BA00BBB76C /* Debug */,
				F871E1C42D8D87BA00BBB76C /* Release */,
			);
			defaultConfigurationIsVisible = 0;
			defaultConfigurationName = Release;
		};
/* End XCConfigurationList section */

/* Begin XCSwiftPackageProductDependency section */
		F871E1A02D8D87B800BBB76C /* RealityKitContent */ = {
			isa = XCSwiftPackageProductDependency;
			productName = RealityKitContent;
		};
/* End XCSwiftPackageProductDependency section */
	};
	rootObject = F871E1932D8D87B800BBB76C /* Project object */;
}
